Microsoft Visual Studio Solution File, Format Version 12.00
# Visual Studio 2012
Project("{DFDC9FB7-52B4-E14D-DB44-0A7388716B14}") = "Caves", "Assembly-CSharp-firstpass.csproj", "{640E6AED-C3FA-9589-16A1-B231BE9D943D}"
EndProject
Project("{DFDC9FB7-52B4-E14D-DB44-0A7388716B14}") = "Caves", "Assembly-CSharp.csproj", "{BA7F4495-76AF-789B-9081-E22847773736}"
EndProject
Project("{DFDC9FB7-52B4-E14D-DB44-0A7388716B14}") = "Caves", "Assembly-CSharp-Editor.csproj", "{3ABC5595-7CED-8D00-17E2-B0EF47898E0A}"
EndProject
Global
	GlobalSection(SolutionConfigurationPlatforms) = preSolution
		Debug|Any CPU = Debug|Any CPU
		Release|Any CPU = Release|Any CPU
	EndGlobalSection
	GlobalSection(ProjectConfigurationPlatforms) = postSolution
		{640E6AED-C3FA-9589-16A1-B231BE9D943D}.Debug|Any CPU.ActiveCfg = Debug|Any CPU
		{640E6AED-C3FA-9589-16A1-B231BE9D943D}.Debug|Any CPU.Build.0 = Debug|Any CPU
		{640E6AED-C3FA-9589-16A1-B231BE9D943D}.Release|Any CPU.ActiveCfg = Release|Any CPU
		{640E6AED-C3FA-9589-16A1-B231BE9D943D}.Release|Any CPU.Build.0 = Release|Any CPU
		{BA7F4495-76AF-789B-9081-E22847773736}.Debug|Any CPU.ActiveCfg = Debug|Any CPU
		{BA7F4495-76AF-789B-9081-E22847773736}.Debug|Any CPU.Build.0 = Debug|Any CPU
		{BA7F4495-76AF-789B-9081-E22847773736}.Release|Any CPU.ActiveCfg = Release|Any CPU
		{BA7F4495-76AF-789B-9081-E22847773736}.Release|Any CPU.Build.0 = Release|Any CPU
		{3ABC5595-7CED-8D00-17E2-B0EF47898E0A}.Debug|Any CPU.ActiveCfg = Debug|Any CPU
		{3ABC5595-7CED-8D00-17E2-B0EF47898E0A}.Debug|Any CPU.Build.0 = Debug|Any CPU
		{3ABC5595-7CED-8D00-17E2-B0EF47898E0A}.Release|Any CPU.ActiveCfg = Release|Any CPU
		{3ABC5595-7CED-8D00-17E2-B0EF47898E0A}.Release|Any CPU.Build.0 = Release|Any CPU
	EndGlobalSection
	GlobalSection(MonoDevelopProperties) = preSolution
		StartupItem = Assembly-CSharp.csproj
	EndGlobalSection
EndGlobal
