
Microsoft Visual Studio Solution File, Format Version 12.00
# Visual Studio 2015
Project("{FAE04EC0-301F-11D3-BF4B-00C04F79EFBC}") = "caves.CSharp.Plugins", "caves.CSharp.Plugins.csproj", "{765DBAD4-EC38-E545-E693-3698AD060BB0}"
EndProject
Project("{FAE04EC0-301F-11D3-BF4B-00C04F79EFBC}") = "caves.CSharp", "caves.CSharp.csproj", "{58F3E960-6BDB-4E81-C3B1-C7C0F725ACDD}"
EndProject
Project("{FAE04EC0-301F-11D3-BF4B-00C04F79EFBC}") = "caves.CSharp.Editor", "caves.CSharp.Editor.csproj", "{8D4194C8-A9B0-A0E4-78FA-EEECA5D50262}"
EndProject
Global
	GlobalSection(SolutionConfigurationPlatforms) = preSolution
		Debug|Any CPU = Debug|Any CPU
		Release|Any CPU = Release|Any CPU
	EndGlobalSection
	GlobalSection(ProjectConfigurationPlatforms) = postSolution
		{765DBAD4-EC38-E545-E693-3698AD060BB0}.Debug|Any CPU.ActiveCfg = Debug|Any CPU
		{765DBAD4-EC38-E545-E693-3698AD060BB0}.Debug|Any CPU.Build.0 = Debug|Any CPU
		{765DBAD4-EC38-E545-E693-3698AD060BB0}.Release|Any CPU.ActiveCfg = Release|Any CPU
		{765DBAD4-EC38-E545-E693-3698AD060BB0}.Release|Any CPU.Build.0 = Release|Any CPU
		{58F3E960-6BDB-4E81-C3B1-C7C0F725ACDD}.Debug|Any CPU.ActiveCfg = Debug|Any CPU
		{58F3E960-6BDB-4E81-C3B1-C7C0F725ACDD}.Debug|Any CPU.Build.0 = Debug|Any CPU
		{58F3E960-6BDB-4E81-C3B1-C7C0F725ACDD}.Release|Any CPU.ActiveCfg = Release|Any CPU
		{58F3E960-6BDB-4E81-C3B1-C7C0F725ACDD}.Release|Any CPU.Build.0 = Release|Any CPU
		{8D4194C8-A9B0-A0E4-78FA-EEECA5D50262}.Debug|Any CPU.ActiveCfg = Debug|Any CPU
		{8D4194C8-A9B0-A0E4-78FA-EEECA5D50262}.Debug|Any CPU.Build.0 = Debug|Any CPU
		{8D4194C8-A9B0-A0E4-78FA-EEECA5D50262}.Release|Any CPU.ActiveCfg = Release|Any CPU
		{8D4194C8-A9B0-A0E4-78FA-EEECA5D50262}.Release|Any CPU.Build.0 = Release|Any CPU
	EndGlobalSection
	GlobalSection(SolutionProperties) = preSolution
		HideSolutionNode = FALSE
	EndGlobalSection
EndGlobal
